
Microsoft Visual Studio Solution File, Format Version 12.00
# Visual Studio Version 17
VisualStudioVersion = 17.8.34316.72
MinimumVisualStudioVersion = 10.0.40219.1
Project("{FAE04EC0-301F-11D3-BF4B-00C04F79EFBC}") = "Stockbaszz", "Stockbaszz\Stockbaszz.csproj", "{18B13093-262C-42D7-B670-40EB04E99D40}"
EndProject
Global
	GlobalSection(SolutionConfigurationPlatforms) = preSolution
		Debug|Any CPU = Debug|Any CPU
		Release|Any CPU = Release|Any CPU
	EndGlobalSection
	GlobalSection(ProjectConfigurationPlatforms) = postSolution
		{18B13093-262C-42D7-B670-40EB04E99D40}.Debug|Any CPU.ActiveCfg = Debug|Any CPU
		{18B13093-262C-42D7-B670-40EB04E99D40}.Debug|Any CPU.Build.0 = Debug|Any CPU
		{18B13093-262C-42D7-B670-40EB04E99D40}.Release|Any CPU.ActiveCfg = Release|Any CPU
		{18B13093-262C-42D7-B670-40EB04E99D40}.Release|Any CPU.Build.0 = Release|Any CPU
	EndGlobalSection
	GlobalSection(SolutionProperties) = preSolution
		HideSolutionNode = FALSE
	EndGlobalSection
	GlobalSection(ExtensibilityGlobals) = postSolution
		SolutionGuid = {CF797911-5641-4878-9D62-99302353FFDB}
	EndGlobalSection
EndGlobal
